
Microsoft Visual Studio Solution File, Format Version 12.00
# Visual Studio Version 17
VisualStudioVersion = 17.11.35327.3
MinimumVisualStudioVersion = 10.0.40219.1
Project("{FAE04EC0-301F-11D3-BF4B-00C04F79EFBC}") = "MyClient", "MyClient.csproj", "{5F5D6C7F-94BD-4529-9A61-14D3F331A951}"
EndProject
Global
	GlobalSection(SolutionConfigurationPlatforms) = preSolution
		Debug|Any CPU = Debug|Any CPU
		Release|Any CPU = Release|Any CPU
	EndGlobalSection
	GlobalSection(ProjectConfigurationPlatforms) = postSolution
		{5F5D6C7F-94BD-4529-9A61-14D3F331A951}.Debug|Any CPU.ActiveCfg = Debug|Any CPU
		{5F5D6C7F-94BD-4529-9A61-14D3F331A951}.Debug|Any CPU.Build.0 = Debug|Any CPU
		{5F5D6C7F-94BD-4529-9A61-14D3F331A951}.Release|Any CPU.ActiveCfg = Release|Any CPU
		{5F5D6C7F-94BD-4529-9A61-14D3F331A951}.Release|Any CPU.Build.0 = Release|Any CPU
	EndGlobalSection
	GlobalSection(SolutionProperties) = preSolution
		HideSolutionNode = FALSE
	EndGlobalSection
	GlobalSection(ExtensibilityGlobals) = postSolution
		SolutionGuid = {21370048-C452-47D5-8898-8ABD0ACF0038}
	EndGlobalSection
EndGlobal
