
Microsoft Visual Studio Solution File, Format Version 12.00
# Visual Studio Version 17
VisualStudioVersion = 17.11.35327.3
MinimumVisualStudioVersion = 10.0.40219.1
Project("{FAE04EC0-301F-11D3-BF4B-00C04F79EFBC}") = "ClaseUno", "ClaseUno\ClaseUno.csproj", "{5B437325-64AD-4AE2-88B1-C0AF04FFD5EF}"
EndProject
Project("{FAE04EC0-301F-11D3-BF4B-00C04F79EFBC}") = "if decision", "if decision\if decision.csproj", "{9938DD3B-C512-4B73-998E-5A7BD56507C5}"
EndProject
Project("{FAE04EC0-301F-11D3-BF4B-00C04F79EFBC}") = "TiposDV", "TiposDV\TiposDV.csproj", "{025D9FEB-6F57-4616-8A96-B836BDD21D39}"
EndProject
Project("{FAE04EC0-301F-11D3-BF4B-00C04F79EFBC}") = "Matrices", "Matrices\Matrices.csproj", "{D4886069-F9CB-4114-AE47-246E780DEA34}"
EndProject
Project("{FAE04EC0-301F-11D3-BF4B-00C04F79EFBC}") = "For", "For\For.csproj", "{ACC174B8-F684-4D37-83CC-FED7B8E8623C}"
EndProject
Project("{FAE04EC0-301F-11D3-BF4B-00C04F79EFBC}") = "WhileITE", "WhileITE\WhileITE.csproj", "{A1D34E01-B135-4548-A9EE-8F9EF56B69BC}"
EndProject
Project("{FAE04EC0-301F-11D3-BF4B-00C04F79EFBC}") = "DefCrearMet", "DefCrearMet\DefCrearMet.csproj", "{B8367E99-2E89-40BA-BAD3-4E6A78040754}"
EndProject
Project("{FAE04EC0-301F-11D3-BF4B-00C04F79EFBC}") = "Cadenas", "Cadenas\Cadenas.csproj", "{C8EE4185-CC13-44A3-BB13-0A57CC3C5DBD}"
EndProject
Project("{FAE04EC0-301F-11D3-BF4B-00C04F79EFBC}") = "FechaHora", "FechaHora\FechaHora.csproj", "{22B61A01-55F0-42E7-99A9-FD8A2967A1E8}"
EndProject
Project("{FAE04EC0-301F-11D3-BF4B-00C04F79EFBC}") = "ModAcces", "ModAcces\ModAcces.csproj", "{D226A7BE-347B-410B-83DE-ED2793E27246}"
EndProject
Project("{FAE04EC0-301F-11D3-BF4B-00C04F79EFBC}") = "Clases", "Clases\Clases.csproj", "{4679957D-E0D7-49E6-B911-94FBFE02B8D7}"
EndProject
Project("{FAE04EC0-301F-11D3-BF4B-00C04F79EFBC}") = "BiblioUno", "BiblioUno\BiblioUno.csproj", "{27FD7A0C-3F84-4F10-ACCB-663FFAC96809}"
EndProject
Global
	GlobalSection(SolutionConfigurationPlatforms) = preSolution
		Debug|Any CPU = Debug|Any CPU
		Release|Any CPU = Release|Any CPU
	EndGlobalSection
	GlobalSection(ProjectConfigurationPlatforms) = postSolution
		{5B437325-64AD-4AE2-88B1-C0AF04FFD5EF}.Debug|Any CPU.ActiveCfg = Debug|Any CPU
		{5B437325-64AD-4AE2-88B1-C0AF04FFD5EF}.Debug|Any CPU.Build.0 = Debug|Any CPU
		{5B437325-64AD-4AE2-88B1-C0AF04FFD5EF}.Release|Any CPU.ActiveCfg = Debug|Any CPU
		{5B437325-64AD-4AE2-88B1-C0AF04FFD5EF}.Release|Any CPU.Build.0 = Debug|Any CPU
		{9938DD3B-C512-4B73-998E-5A7BD56507C5}.Debug|Any CPU.ActiveCfg = Debug|Any CPU
		{9938DD3B-C512-4B73-998E-5A7BD56507C5}.Debug|Any CPU.Build.0 = Debug|Any CPU
		{9938DD3B-C512-4B73-998E-5A7BD56507C5}.Release|Any CPU.ActiveCfg = Debug|Any CPU
		{9938DD3B-C512-4B73-998E-5A7BD56507C5}.Release|Any CPU.Build.0 = Debug|Any CPU
		{025D9FEB-6F57-4616-8A96-B836BDD21D39}.Debug|Any CPU.ActiveCfg = Debug|Any CPU
		{025D9FEB-6F57-4616-8A96-B836BDD21D39}.Debug|Any CPU.Build.0 = Debug|Any CPU
		{025D9FEB-6F57-4616-8A96-B836BDD21D39}.Release|Any CPU.ActiveCfg = Debug|Any CPU
		{025D9FEB-6F57-4616-8A96-B836BDD21D39}.Release|Any CPU.Build.0 = Debug|Any CPU
		{D4886069-F9CB-4114-AE47-246E780DEA34}.Debug|Any CPU.ActiveCfg = Debug|Any CPU
		{D4886069-F9CB-4114-AE47-246E780DEA34}.Debug|Any CPU.Build.0 = Debug|Any CPU
		{D4886069-F9CB-4114-AE47-246E780DEA34}.Release|Any CPU.ActiveCfg = Debug|Any CPU
		{D4886069-F9CB-4114-AE47-246E780DEA34}.Release|Any CPU.Build.0 = Debug|Any CPU
		{ACC174B8-F684-4D37-83CC-FED7B8E8623C}.Debug|Any CPU.ActiveCfg = Debug|Any CPU
		{ACC174B8-F684-4D37-83CC-FED7B8E8623C}.Debug|Any CPU.Build.0 = Debug|Any CPU
		{ACC174B8-F684-4D37-83CC-FED7B8E8623C}.Release|Any CPU.ActiveCfg = Debug|Any CPU
		{ACC174B8-F684-4D37-83CC-FED7B8E8623C}.Release|Any CPU.Build.0 = Debug|Any CPU
		{A1D34E01-B135-4548-A9EE-8F9EF56B69BC}.Debug|Any CPU.ActiveCfg = Debug|Any CPU
		{A1D34E01-B135-4548-A9EE-8F9EF56B69BC}.Debug|Any CPU.Build.0 = Debug|Any CPU
		{A1D34E01-B135-4548-A9EE-8F9EF56B69BC}.Release|Any CPU.ActiveCfg = Debug|Any CPU
		{A1D34E01-B135-4548-A9EE-8F9EF56B69BC}.Release|Any CPU.Build.0 = Debug|Any CPU
		{B8367E99-2E89-40BA-BAD3-4E6A78040754}.Debug|Any CPU.ActiveCfg = Debug|Any CPU
		{B8367E99-2E89-40BA-BAD3-4E6A78040754}.Debug|Any CPU.Build.0 = Debug|Any CPU
		{B8367E99-2E89-40BA-BAD3-4E6A78040754}.Release|Any CPU.ActiveCfg = Release|Any CPU
		{B8367E99-2E89-40BA-BAD3-4E6A78040754}.Release|Any CPU.Build.0 = Release|Any CPU
		{C8EE4185-CC13-44A3-BB13-0A57CC3C5DBD}.Debug|Any CPU.ActiveCfg = Debug|Any CPU
		{C8EE4185-CC13-44A3-BB13-0A57CC3C5DBD}.Debug|Any CPU.Build.0 = Debug|Any CPU
		{C8EE4185-CC13-44A3-BB13-0A57CC3C5DBD}.Release|Any CPU.ActiveCfg = Release|Any CPU
		{C8EE4185-CC13-44A3-BB13-0A57CC3C5DBD}.Release|Any CPU.Build.0 = Release|Any CPU
		{22B61A01-55F0-42E7-99A9-FD8A2967A1E8}.Debug|Any CPU.ActiveCfg = Debug|Any CPU
		{22B61A01-55F0-42E7-99A9-FD8A2967A1E8}.Debug|Any CPU.Build.0 = Debug|Any CPU
		{22B61A01-55F0-42E7-99A9-FD8A2967A1E8}.Release|Any CPU.ActiveCfg = Release|Any CPU
		{22B61A01-55F0-42E7-99A9-FD8A2967A1E8}.Release|Any CPU.Build.0 = Release|Any CPU
		{D226A7BE-347B-410B-83DE-ED2793E27246}.Debug|Any CPU.ActiveCfg = Debug|Any CPU
		{D226A7BE-347B-410B-83DE-ED2793E27246}.Debug|Any CPU.Build.0 = Debug|Any CPU
		{D226A7BE-347B-410B-83DE-ED2793E27246}.Release|Any CPU.ActiveCfg = Release|Any CPU
		{D226A7BE-347B-410B-83DE-ED2793E27246}.Release|Any CPU.Build.0 = Release|Any CPU
		{4679957D-E0D7-49E6-B911-94FBFE02B8D7}.Debug|Any CPU.ActiveCfg = Debug|Any CPU
		{4679957D-E0D7-49E6-B911-94FBFE02B8D7}.Debug|Any CPU.Build.0 = Debug|Any CPU
		{4679957D-E0D7-49E6-B911-94FBFE02B8D7}.Release|Any CPU.ActiveCfg = Release|Any CPU
		{4679957D-E0D7-49E6-B911-94FBFE02B8D7}.Release|Any CPU.Build.0 = Release|Any CPU
		{27FD7A0C-3F84-4F10-ACCB-663FFAC96809}.Debug|Any CPU.ActiveCfg = Debug|Any CPU
		{27FD7A0C-3F84-4F10-ACCB-663FFAC96809}.Debug|Any CPU.Build.0 = Debug|Any CPU
		{27FD7A0C-3F84-4F10-ACCB-663FFAC96809}.Release|Any CPU.ActiveCfg = Release|Any CPU
		{27FD7A0C-3F84-4F10-ACCB-663FFAC96809}.Release|Any CPU.Build.0 = Release|Any CPU
	EndGlobalSection
	GlobalSection(SolutionProperties) = preSolution
		HideSolutionNode = FALSE
	EndGlobalSection
	GlobalSection(ExtensibilityGlobals) = postSolution
		SolutionGuid = {E89C37AF-0264-47A7-9BBD-77B9BB63139B}
	EndGlobalSection
EndGlobal
