
Microsoft Visual Studio Solution File, Format Version 12.00
# Visual Studio Version 17
VisualStudioVersion = 17.11.35327.3
MinimumVisualStudioVersion = 10.0.40219.1
Project("{FAE04EC0-301F-11D3-BF4B-00C04F79EFBC}") = "ClaseUno", "ClaseUno\ClaseUno.csproj", "{5B437325-64AD-4AE2-88B1-C0AF04FFD5EF}"
EndProject
Project("{FAE04EC0-301F-11D3-BF4B-00C04F79EFBC}") = "if decision", "if decision\if decision.csproj", "{9938DD3B-C512-4B73-998E-5A7BD56507C5}"
EndProject
Project("{FAE04EC0-301F-11D3-BF4B-00C04F79EFBC}") = "TiposDV", "TiposDV\TiposDV.csproj", "{025D9FEB-6F57-4616-8A96-B836BDD21D39}"
EndProject
Global
	GlobalSection(SolutionConfigurationPlatforms) = preSolution
		Debug|Any CPU = Debug|Any CPU
		Release|Any CPU = Release|Any CPU
	EndGlobalSection
	GlobalSection(ProjectConfigurationPlatforms) = postSolution
		{5B437325-64AD-4AE2-88B1-C0AF04FFD5EF}.Debug|Any CPU.ActiveCfg = Debug|Any CPU
		{5B437325-64AD-4AE2-88B1-C0AF04FFD5EF}.Debug|Any CPU.Build.0 = Debug|Any CPU
		{5B437325-64AD-4AE2-88B1-C0AF04FFD5EF}.Release|Any CPU.ActiveCfg = Release|Any CPU
		{5B437325-64AD-4AE2-88B1-C0AF04FFD5EF}.Release|Any CPU.Build.0 = Release|Any CPU
		{9938DD3B-C512-4B73-998E-5A7BD56507C5}.Debug|Any CPU.ActiveCfg = Debug|Any CPU
		{9938DD3B-C512-4B73-998E-5A7BD56507C5}.Debug|Any CPU.Build.0 = Debug|Any CPU
		{9938DD3B-C512-4B73-998E-5A7BD56507C5}.Release|Any CPU.ActiveCfg = Release|Any CPU
		{9938DD3B-C512-4B73-998E-5A7BD56507C5}.Release|Any CPU.Build.0 = Release|Any CPU
		{025D9FEB-6F57-4616-8A96-B836BDD21D39}.Debug|Any CPU.ActiveCfg = Debug|Any CPU
		{025D9FEB-6F57-4616-8A96-B836BDD21D39}.Debug|Any CPU.Build.0 = Debug|Any CPU
		{025D9FEB-6F57-4616-8A96-B836BDD21D39}.Release|Any CPU.ActiveCfg = Release|Any CPU
		{025D9FEB-6F57-4616-8A96-B836BDD21D39}.Release|Any CPU.Build.0 = Release|Any CPU
	EndGlobalSection
	GlobalSection(SolutionProperties) = preSolution
		HideSolutionNode = FALSE
	EndGlobalSection
	GlobalSection(ExtensibilityGlobals) = postSolution
		SolutionGuid = {E89C37AF-0264-47A7-9BBD-77B9BB63139B}
	EndGlobalSection
EndGlobal
